
Microsoft Visual Studio Solution File, Format Version 12.00
# Visual Studio 15
VisualStudioVersion = 15.0.27703.2000
MinimumVisualStudioVersion = 10.0.40219.1
Project("{FAE04EC0-301F-11D3-BF4B-00C04F79EFBC}") = "MvcMovie", "MvcMovie\MvcMovie.csproj", "{5AB046AF-A639-46E9-A370-9DFDF8618518}"
EndProject
Global
	GlobalSection(SolutionConfigurationPlatforms) = preSolution
		Debug|Any CPU = Debug|Any CPU
		Release|Any CPU = Release|Any CPU
	EndGlobalSection
	GlobalSection(ProjectConfigurationPlatforms) = postSolution
		{5AB046AF-A639-46E9-A370-9DFDF8618518}.Debug|Any CPU.ActiveCfg = Debug|Any CPU
		{5AB046AF-A639-46E9-A370-9DFDF8618518}.Debug|Any CPU.Build.0 = Debug|Any CPU
		{5AB046AF-A639-46E9-A370-9DFDF8618518}.Release|Any CPU.ActiveCfg = Release|Any CPU
		{5AB046AF-A639-46E9-A370-9DFDF8618518}.Release|Any CPU.Build.0 = Release|Any CPU
	EndGlobalSection
	GlobalSection(SolutionProperties) = preSolution
		HideSolutionNode = FALSE
	EndGlobalSection
	GlobalSection(ExtensibilityGlobals) = postSolution
		SolutionGuid = {12F5BA24-F35F-4BE9-8BAC-1D0A0BC02DE5}
	EndGlobalSection
EndGlobal
